
Microsoft Visual Studio Solution File, Format Version 12.00
# Visual Studio Version 16
VisualStudioVersion = 16.0.31605.320
MinimumVisualStudioVersion = 10.0.40219.1
Project("{FAE04EC0-301F-11D3-BF4B-00C04F79EFBC}") = "Datos", "Datos\Datos.csproj", "{BBDA2906-5C4E-4390-A1E1-AF2B4583E04C}"
EndProject
Project("{FAE04EC0-301F-11D3-BF4B-00C04F79EFBC}") = "Negocio", "Negocio\Negocio.csproj", "{C67641BB-AC5F-4D7B-BB35-59E7424BD099}"
EndProject
Project("{FAE04EC0-301F-11D3-BF4B-00C04F79EFBC}") = "Presentacion", "Presentacion\Presentacion.csproj", "{3663D9D3-DFBE-4EE8-A8B5-C8124CD5EC5B}"
EndProject
Global
	GlobalSection(SolutionConfigurationPlatforms) = preSolution
		Debug|Any CPU = Debug|Any CPU
		Release|Any CPU = Release|Any CPU
	EndGlobalSection
	GlobalSection(ProjectConfigurationPlatforms) = postSolution
		{BBDA2906-5C4E-4390-A1E1-AF2B4583E04C}.Debug|Any CPU.ActiveCfg = Debug|Any CPU
		{BBDA2906-5C4E-4390-A1E1-AF2B4583E04C}.Debug|Any CPU.Build.0 = Debug|Any CPU
		{BBDA2906-5C4E-4390-A1E1-AF2B4583E04C}.Release|Any CPU.ActiveCfg = Release|Any CPU
		{BBDA2906-5C4E-4390-A1E1-AF2B4583E04C}.Release|Any CPU.Build.0 = Release|Any CPU
		{C67641BB-AC5F-4D7B-BB35-59E7424BD099}.Debug|Any CPU.ActiveCfg = Debug|Any CPU
		{C67641BB-AC5F-4D7B-BB35-59E7424BD099}.Debug|Any CPU.Build.0 = Debug|Any CPU
		{C67641BB-AC5F-4D7B-BB35-59E7424BD099}.Release|Any CPU.ActiveCfg = Release|Any CPU
		{C67641BB-AC5F-4D7B-BB35-59E7424BD099}.Release|Any CPU.Build.0 = Release|Any CPU
		{3663D9D3-DFBE-4EE8-A8B5-C8124CD5EC5B}.Debug|Any CPU.ActiveCfg = Debug|Any CPU
		{3663D9D3-DFBE-4EE8-A8B5-C8124CD5EC5B}.Debug|Any CPU.Build.0 = Debug|Any CPU
		{3663D9D3-DFBE-4EE8-A8B5-C8124CD5EC5B}.Release|Any CPU.ActiveCfg = Release|Any CPU
		{3663D9D3-DFBE-4EE8-A8B5-C8124CD5EC5B}.Release|Any CPU.Build.0 = Release|Any CPU
	EndGlobalSection
	GlobalSection(SolutionProperties) = preSolution
		HideSolutionNode = FALSE
	EndGlobalSection
	GlobalSection(ExtensibilityGlobals) = postSolution
		SolutionGuid = {4CED6A82-1254-43DC-82AD-C1AD5E17BE8B}
	EndGlobalSection
EndGlobal
