
Microsoft Visual Studio Solution File, Format Version 12.00
# Visual Studio Version 16
VisualStudioVersion = 16.0.31605.320
MinimumVisualStudioVersion = 10.0.40219.1
Project("{FAE04EC0-301F-11D3-BF4B-00C04F79EFBC}") = "Lab12", "Lab12.csproj", "{211643CA-D242-48ED-9948-7536EA4A1185}"
EndProject
Global
	GlobalSection(SolutionConfigurationPlatforms) = preSolution
		Debug|Any CPU = Debug|Any CPU
		Release|Any CPU = Release|Any CPU
	EndGlobalSection
	GlobalSection(ProjectConfigurationPlatforms) = postSolution
		{211643CA-D242-48ED-9948-7536EA4A1185}.Debug|Any CPU.ActiveCfg = Debug|Any CPU
		{211643CA-D242-48ED-9948-7536EA4A1185}.Debug|Any CPU.Build.0 = Debug|Any CPU
		{211643CA-D242-48ED-9948-7536EA4A1185}.Release|Any CPU.ActiveCfg = Release|Any CPU
		{211643CA-D242-48ED-9948-7536EA4A1185}.Release|Any CPU.Build.0 = Release|Any CPU
	EndGlobalSection
	GlobalSection(SolutionProperties) = preSolution
		HideSolutionNode = FALSE
	EndGlobalSection
	GlobalSection(ExtensibilityGlobals) = postSolution
		SolutionGuid = {9CC2A51E-205E-4764-9722-6F88F0EE1004}
	EndGlobalSection
EndGlobal
