
Microsoft Visual Studio Solution File, Format Version 12.00
# Visual Studio Version 16
VisualStudioVersion = 16.0.31605.320
MinimumVisualStudioVersion = 10.0.40219.1
Project("{FAE04EC0-301F-11D3-BF4B-00C04F79EFBC}") = "Lab09", "Lab09.csproj", "{9BE9F5A4-96EA-4C07-8930-43A5AE9207F7}"
EndProject
Global
	GlobalSection(SolutionConfigurationPlatforms) = preSolution
		Debug|Any CPU = Debug|Any CPU
		Release|Any CPU = Release|Any CPU
	EndGlobalSection
	GlobalSection(ProjectConfigurationPlatforms) = postSolution
		{9BE9F5A4-96EA-4C07-8930-43A5AE9207F7}.Debug|Any CPU.ActiveCfg = Debug|Any CPU
		{9BE9F5A4-96EA-4C07-8930-43A5AE9207F7}.Debug|Any CPU.Build.0 = Debug|Any CPU
		{9BE9F5A4-96EA-4C07-8930-43A5AE9207F7}.Release|Any CPU.ActiveCfg = Release|Any CPU
		{9BE9F5A4-96EA-4C07-8930-43A5AE9207F7}.Release|Any CPU.Build.0 = Release|Any CPU
	EndGlobalSection
	GlobalSection(SolutionProperties) = preSolution
		HideSolutionNode = FALSE
	EndGlobalSection
	GlobalSection(ExtensibilityGlobals) = postSolution
		SolutionGuid = {81F6FBC5-AD29-4BF9-BBAD-7D1EFAABA514}
	EndGlobalSection
EndGlobal
