
Microsoft Visual Studio Solution File, Format Version 12.00
# Visual Studio Version 16
VisualStudioVersion = 16.0.31605.320
MinimumVisualStudioVersion = 10.0.40219.1
Project("{FAE04EC0-301F-11D3-BF4B-00C04F79EFBC}") = "WindowsFormsApp1", "WindowsFormsApp1.csproj", "{553015EC-C5FF-4813-872A-9DAE29463A79}"
EndProject
Global
	GlobalSection(SolutionConfigurationPlatforms) = preSolution
		Debug|Any CPU = Debug|Any CPU
		Release|Any CPU = Release|Any CPU
	EndGlobalSection
	GlobalSection(ProjectConfigurationPlatforms) = postSolution
		{553015EC-C5FF-4813-872A-9DAE29463A79}.Debug|Any CPU.ActiveCfg = Debug|Any CPU
		{553015EC-C5FF-4813-872A-9DAE29463A79}.Debug|Any CPU.Build.0 = Debug|Any CPU
		{553015EC-C5FF-4813-872A-9DAE29463A79}.Release|Any CPU.ActiveCfg = Release|Any CPU
		{553015EC-C5FF-4813-872A-9DAE29463A79}.Release|Any CPU.Build.0 = Release|Any CPU
	EndGlobalSection
	GlobalSection(SolutionProperties) = preSolution
		HideSolutionNode = FALSE
	EndGlobalSection
	GlobalSection(ExtensibilityGlobals) = postSolution
		SolutionGuid = {F641B1CC-A35C-4CE4-A8CA-BF1C59A72FAD}
	EndGlobalSection
EndGlobal
